
Microsoft Visual Studio Solution File, Format Version 12.00
# Visual Studio 2012
Project("{FAE04EC0-301F-11D3-BF4B-00C04F79EFBC}") = "CshAsyncTest", "CshAsyncTest\CshAsyncTest.csproj", "{2B13B168-8106-42B7-9F8B-C62CC9E1660E}"
EndProject
Global
	GlobalSection(SolutionConfigurationPlatforms) = preSolution
		Debug|x86 = Debug|x86
		Release|x86 = Release|x86
	EndGlobalSection
	GlobalSection(ProjectConfigurationPlatforms) = postSolution
		{2B13B168-8106-42B7-9F8B-C62CC9E1660E}.Debug|x86.ActiveCfg = Debug|x86
		{2B13B168-8106-42B7-9F8B-C62CC9E1660E}.Debug|x86.Build.0 = Debug|x86
		{2B13B168-8106-42B7-9F8B-C62CC9E1660E}.Release|x86.ActiveCfg = Release|x86
		{2B13B168-8106-42B7-9F8B-C62CC9E1660E}.Release|x86.Build.0 = Release|x86
	EndGlobalSection
EndGlobal
